
Microsoft Visual Studio Solution File, Format Version 12.00
# Visual Studio Version 17
VisualStudioVersion = 17.8.34511.84
MinimumVisualStudioVersion = 10.0.40219.1
Project("{FAE04EC0-301F-11D3-BF4B-00C04F79EFBC}") = "Survey", "Survey\Survey.csproj", "{8549995B-4302-46F4-B187-66244960ACCB}"
EndProject
Global
	GlobalSection(SolutionConfigurationPlatforms) = preSolution
		Debug|Any CPU = Debug|Any CPU
		Release|Any CPU = Release|Any CPU
	EndGlobalSection
	GlobalSection(ProjectConfigurationPlatforms) = postSolution
		{8549995B-4302-46F4-B187-66244960ACCB}.Debug|Any CPU.ActiveCfg = Debug|Any CPU
		{8549995B-4302-46F4-B187-66244960ACCB}.Debug|Any CPU.Build.0 = Debug|Any CPU
		{8549995B-4302-46F4-B187-66244960ACCB}.Release|Any CPU.ActiveCfg = Release|Any CPU
		{8549995B-4302-46F4-B187-66244960ACCB}.Release|Any CPU.Build.0 = Release|Any CPU
	EndGlobalSection
	GlobalSection(SolutionProperties) = preSolution
		HideSolutionNode = FALSE
	EndGlobalSection
	GlobalSection(ExtensibilityGlobals) = postSolution
		SolutionGuid = {E887A04E-626A-489D-86CE-4ECFA933D9B8}
	EndGlobalSection
EndGlobal
